// !$*UTF8*$!
{
	archiveVersion = 1;
	classes = {
	};
	objectVersion = 56;
	objects = {

/* Begin PBXBuildFile section */
		3725E8C52908A5D900DD1C91 /* Bucket_List_ao3pxApp.swift in Sources */ = {isa = PBXBuildFile; fileRef = 3725E8C42908A5D900DD1C91 /* Bucket_List_ao3pxApp.swift */; };
		3725E8C72908A5D900DD1C91 /* BucketList.swift in Sources */ = {isa = PBXBuildFile; fileRef = 3725E8C62908A5D900DD1C91 /* BucketList.swift */; };
		3725E8C92908A5DB00DD1C91 /* Assets.xcassets in Resources */ = {isa = PBXBuildFile; fileRef = 3725E8C82908A5DB00DD1C91 /* Assets.xcassets */; };
		3725E8CC2908A5DB00DD1C91 /* Preview Assets.xcassets in Resources */ = {isa = PBXBuildFile; fileRef = 3725E8CB2908A5DB00DD1C91 /* Preview Assets.xcassets */; };
		3725E8CE2908A5DB00DD1C91 /* Persistence.swift in Sources */ = {isa = PBXBuildFile; fileRef = 3725E8CD2908A5DB00DD1C91 /* Persistence.swift */; };
		3725E8D12908A5DB00DD1C91 /* Bucket_List_ao3px.xcdatamodeld in Sources */ = {isa = PBXBuildFile; fileRef = 3725E8CF2908A5DB00DD1C91 /* Bucket_List_ao3px.xcdatamodeld */; };
		3725E8DB2908A5DB00DD1C91 /* Bucket_List_ao3pxTests.swift in Sources */ = {isa = PBXBuildFile; fileRef = 3725E8DA2908A5DB00DD1C91 /* Bucket_List_ao3pxTests.swift */; };
		3725E8E52908A5DB00DD1C91 /* Bucket_List_ao3pxUITests.swift in Sources */ = {isa = PBXBuildFile; fileRef = 3725E8E42908A5DB00DD1C91 /* Bucket_List_ao3pxUITests.swift */; };
		3725E8E72908A5DB00DD1C91 /* Bucket_List_ao3pxUITestsLaunchTests.swift in Sources */ = {isa = PBXBuildFile; fileRef = 3725E8E62908A5DB00DD1C91 /* Bucket_List_ao3pxUITestsLaunchTests.swift */; };
		3725E8F32908AA3900DD1C91 /* BucketList.swift in Sources */ = {isa = PBXBuildFile; fileRef = 3725E8C62908A5D900DD1C91 /* BucketList.swift */; };
		3725E8F42908AA3900DD1C91 /* BucketList.swift in Sources */ = {isa = PBXBuildFile; fileRef = 3725E8C62908A5D900DD1C91 /* BucketList.swift */; };
		3725E8FE2908ACDF00DD1C91 /* FloatingButton.swift in Sources */ = {isa = PBXBuildFile; fileRef = 3725E8FD2908ACDF00DD1C91 /* FloatingButton.swift */; };
		3725E8FF2908ACDF00DD1C91 /* FloatingButton.swift in Sources */ = {isa = PBXBuildFile; fileRef = 3725E8FD2908ACDF00DD1C91 /* FloatingButton.swift */; };
		3725E9002908ACDF00DD1C91 /* FloatingButton.swift in Sources */ = {isa = PBXBuildFile; fileRef = 3725E8FD2908ACDF00DD1C91 /* FloatingButton.swift */; };
		3725E9032908AD3700DD1C91 /* AddItem.swift in Sources */ = {isa = PBXBuildFile; fileRef = 3725E9022908AD3700DD1C91 /* AddItem.swift */; };
		3725E9042908AD3700DD1C91 /* AddItem.swift in Sources */ = {isa = PBXBuildFile; fileRef = 3725E9022908AD3700DD1C91 /* AddItem.swift */; };
		3725E9052908AD3700DD1C91 /* AddItem.swift in Sources */ = {isa = PBXBuildFile; fileRef = 3725E9022908AD3700DD1C91 /* AddItem.swift */; };
		376DFF0F29098E310056614D /* DateHolder.swift in Sources */ = {isa = PBXBuildFile; fileRef = 376DFF0E29098E310056614D /* DateHolder.swift */; };
		376DFF1029098E310056614D /* DateHolder.swift in Sources */ = {isa = PBXBuildFile; fileRef = 376DFF0E29098E310056614D /* DateHolder.swift */; };
		376DFF1129098E310056614D /* DateHolder.swift in Sources */ = {isa = PBXBuildFile; fileRef = 376DFF0E29098E310056614D /* DateHolder.swift */; };
		37DCF954290F3EBD004B1FFF /* DisplayItem.swift in Sources */ = {isa = PBXBuildFile; fileRef = 37DCF953290F3EBD004B1FFF /* DisplayItem.swift */; };
		37DCF955290F3EBD004B1FFF /* DisplayItem.swift in Sources */ = {isa = PBXBuildFile; fileRef = 37DCF953290F3EBD004B1FFF /* DisplayItem.swift */; };
		37DCF956290F3EBD004B1FFF /* DisplayItem.swift in Sources */ = {isa = PBXBuildFile; fileRef = 37DCF953290F3EBD004B1FFF /* DisplayItem.swift */; };
		37DCF958290F47F5004B1FFF /* Checkbox.swift in Sources */ = {isa = PBXBuildFile; fileRef = 37DCF957290F47F5004B1FFF /* Checkbox.swift */; };
		37DCF959290F47F5004B1FFF /* Checkbox.swift in Sources */ = {isa = PBXBuildFile; fileRef = 37DCF957290F47F5004B1FFF /* Checkbox.swift */; };
		37DCF95A290F47F5004B1FFF /* Checkbox.swift in Sources */ = {isa = PBXBuildFile; fileRef = 37DCF957290F47F5004B1FFF /* Checkbox.swift */; };
		37DCF95D290F4B38004B1FFF /* TaskItemExtension.swift in Sources */ = {isa = PBXBuildFile; fileRef = 37DCF95C290F4B38004B1FFF /* TaskItemExtension.swift */; };
		37DCF95E290F4B38004B1FFF /* TaskItemExtension.swift in Sources */ = {isa = PBXBuildFile; fileRef = 37DCF95C290F4B38004B1FFF /* TaskItemExtension.swift */; };
		37DCF95F290F4B38004B1FFF /* TaskItemExtension.swift in Sources */ = {isa = PBXBuildFile; fileRef = 37DCF95C290F4B38004B1FFF /* TaskItemExtension.swift */; };
/* End PBXBuildFile section */

/* Begin PBXContainerItemProxy section */
		3725E8D72908A5DB00DD1C91 /* PBXContainerItemProxy */ = {
			isa = PBXContainerItemProxy;
			containerPortal = 3725E8B92908A5D900DD1C91 /* Project object */;
			proxyType = 1;
			remoteGlobalIDString = 3725E8C02908A5D900DD1C91;
			remoteInfo = "Bucket List ao3px";
		};
		3725E8E12908A5DB00DD1C91 /* PBXContainerItemProxy */ = {
			isa = PBXContainerItemProxy;
			containerPortal = 3725E8B92908A5D900DD1C91 /* Project object */;
			proxyType = 1;
			remoteGlobalIDString = 3725E8C02908A5D900DD1C91;
			remoteInfo = "Bucket List ao3px";
		};
/* End PBXContainerItemProxy section */

/* Begin PBXFileReference section */
		3725E8C12908A5D900DD1C91 /* Bucket List ao3px.app */ = {isa = PBXFileReference; explicitFileType = wrapper.application; includeInIndex = 0; path = "Bucket List ao3px.app"; sourceTree = BUILT_PRODUCTS_DIR; };
		3725E8C42908A5D900DD1C91 /* Bucket_List_ao3pxApp.swift */ = {isa = PBXFileReference; lastKnownFileType = sourcecode.swift; path = Bucket_List_ao3pxApp.swift; sourceTree = "<group>"; };
		3725E8C62908A5D900DD1C91 /* BucketList.swift */ = {isa = PBXFileReference; lastKnownFileType = sourcecode.swift; path = BucketList.swift; sourceTree = "<group>"; };
		3725E8C82908A5DB00DD1C91 /* Assets.xcassets */ = {isa = PBXFileReference; lastKnownFileType = folder.assetcatalog; path = Assets.xcassets; sourceTree = "<group>"; };
		3725E8CB2908A5DB00DD1C91 /* Preview Assets.xcassets */ = {isa = PBXFileReference; lastKnownFileType = folder.assetcatalog; path = "Preview Assets.xcassets"; sourceTree = "<group>"; };
		3725E8CD2908A5DB00DD1C91 /* Persistence.swift */ = {isa = PBXFileReference; lastKnownFileType = sourcecode.swift; path = Persistence.swift; sourceTree = "<group>"; };
		3725E8D02908A5DB00DD1C91 /* Bucket_List_ao3px.xcdatamodel */ = {isa = PBXFileReference; lastKnownFileType = wrapper.xcdatamodel; path = Bucket_List_ao3px.xcdatamodel; sourceTree = "<group>"; };
		3725E8D62908A5DB00DD1C91 /* Bucket List ao3pxTests.xctest */ = {isa = PBXFileReference; explicitFileType = wrapper.cfbundle; includeInIndex = 0; path = "Bucket List ao3pxTests.xctest"; sourceTree = BUILT_PRODUCTS_DIR; };
		3725E8DA2908A5DB00DD1C91 /* Bucket_List_ao3pxTests.swift */ = {isa = PBXFileReference; lastKnownFileType = sourcecode.swift; path = Bucket_List_ao3pxTests.swift; sourceTree = "<group>"; };
		3725E8E02908A5DB00DD1C91 /* Bucket List ao3pxUITests.xctest */ = {isa = PBXFileReference; explicitFileType = wrapper.cfbundle; includeInIndex = 0; path = "Bucket List ao3pxUITests.xctest"; sourceTree = BUILT_PRODUCTS_DIR; };
		3725E8E42908A5DB00DD1C91 /* Bucket_List_ao3pxUITests.swift */ = {isa = PBXFileReference; lastKnownFileType = sourcecode.swift; path = Bucket_List_ao3pxUITests.swift; sourceTree = "<group>"; };
		3725E8E62908A5DB00DD1C91 /* Bucket_List_ao3pxUITestsLaunchTests.swift */ = {isa = PBXFileReference; lastKnownFileType = sourcecode.swift; path = Bucket_List_ao3pxUITestsLaunchTests.swift; sourceTree = "<group>"; };
		3725E8FD2908ACDF00DD1C91 /* FloatingButton.swift */ = {isa = PBXFileReference; lastKnownFileType = sourcecode.swift; path = FloatingButton.swift; sourceTree = "<group>"; };
		3725E9022908AD3700DD1C91 /* AddItem.swift */ = {isa = PBXFileReference; lastKnownFileType = sourcecode.swift; path = AddItem.swift; sourceTree = "<group>"; };
		376DFF0E29098E310056614D /* DateHolder.swift */ = {isa = PBXFileReference; lastKnownFileType = sourcecode.swift; path = DateHolder.swift; sourceTree = "<group>"; };
		37DCF953290F3EBD004B1FFF /* DisplayItem.swift */ = {isa = PBXFileReference; lastKnownFileType = sourcecode.swift; path = DisplayItem.swift; sourceTree = "<group>"; };
		37DCF957290F47F5004B1FFF /* Checkbox.swift */ = {isa = PBXFileReference; lastKnownFileType = sourcecode.swift; path = Checkbox.swift; sourceTree = "<group>"; };
		37DCF95C290F4B38004B1FFF /* TaskItemExtension.swift */ = {isa = PBXFileReference; lastKnownFileType = sourcecode.swift; path = TaskItemExtension.swift; sourceTree = "<group>"; };
/* End PBXFileReference section */

/* Begin PBXFrameworksBuildPhase section */
		3725E8BE2908A5D900DD1C91 /* Frameworks */ = {
			isa = PBXFrameworksBuildPhase;
			buildActionMask = 2147483647;
			files = (
			);
			runOnlyForDeploymentPostprocessing = 0;
		};
		3725E8D32908A5DB00DD1C91 /* Frameworks */ = {
			isa = PBXFrameworksBuildPhase;
			buildActionMask = 2147483647;
			files = (
			);
			runOnlyForDeploymentPostprocessing = 0;
		};
		3725E8DD2908A5DB00DD1C91 /* Frameworks */ = {
			isa = PBXFrameworksBuildPhase;
			buildActionMask = 2147483647;
			files = (
			);
			runOnlyForDeploymentPostprocessing = 0;
		};
/* End PBXFrameworksBuildPhase section */

/* Begin PBXGroup section */
		3725E8B82908A5D900DD1C91 = {
			isa = PBXGroup;
			children = (
				3725E8C32908A5D900DD1C91 /* Bucket List ao3px */,
				3725E8D92908A5DB00DD1C91 /* Bucket List ao3pxTests */,
				3725E8E32908A5DB00DD1C91 /* Bucket List ao3pxUITests */,
				3725E8C22908A5D900DD1C91 /* Products */,
			);
			sourceTree = "<group>";
		};
		3725E8C22908A5D900DD1C91 /* Products */ = {
			isa = PBXGroup;
			children = (
				3725E8C12908A5D900DD1C91 /* Bucket List ao3px.app */,
				3725E8D62908A5DB00DD1C91 /* Bucket List ao3pxTests.xctest */,
				3725E8E02908A5DB00DD1C91 /* Bucket List ao3pxUITests.xctest */,
			);
			name = Products;
			sourceTree = "<group>";
		};
		3725E8C32908A5D900DD1C91 /* Bucket List ao3px */ = {
			isa = PBXGroup;
			children = (
				3725E8C42908A5D900DD1C91 /* Bucket_List_ao3pxApp.swift */,
				3725E8CF2908A5DB00DD1C91 /* Bucket_List_ao3px.xcdatamodeld */,
				3725E9012908AD1A00DD1C91 /* Views */,
				37DCF95B290F4AE4004B1FFF /* Model */,
				3725E8C82908A5DB00DD1C91 /* Assets.xcassets */,
				3725E8CA2908A5DB00DD1C91 /* Preview Content */,
			);
			path = "Bucket List ao3px";
			sourceTree = "<group>";
		};
		3725E8CA2908A5DB00DD1C91 /* Preview Content */ = {
			isa = PBXGroup;
			children = (
				3725E8CB2908A5DB00DD1C91 /* Preview Assets.xcassets */,
			);
			path = "Preview Content";
			sourceTree = "<group>";
		};
		3725E8D92908A5DB00DD1C91 /* Bucket List ao3pxTests */ = {
			isa = PBXGroup;
			children = (
				3725E8DA2908A5DB00DD1C91 /* Bucket_List_ao3pxTests.swift */,
			);
			path = "Bucket List ao3pxTests";
			sourceTree = "<group>";
		};
		3725E8E32908A5DB00DD1C91 /* Bucket List ao3pxUITests */ = {
			isa = PBXGroup;
			children = (
				3725E8E42908A5DB00DD1C91 /* Bucket_List_ao3pxUITests.swift */,
				3725E8E62908A5DB00DD1C91 /* Bucket_List_ao3pxUITestsLaunchTests.swift */,
			);
			path = "Bucket List ao3pxUITests";
			sourceTree = "<group>";
		};
		3725E9012908AD1A00DD1C91 /* Views */ = {
			isa = PBXGroup;
			children = (
				37DCF953290F3EBD004B1FFF /* DisplayItem.swift */,
				3725E8C62908A5D900DD1C91 /* BucketList.swift */,
				3725E9022908AD3700DD1C91 /* AddItem.swift */,
				3725E8FD2908ACDF00DD1C91 /* FloatingButton.swift */,
				376DFF0E29098E310056614D /* DateHolder.swift */,
				37DCF957290F47F5004B1FFF /* Checkbox.swift */,
			);
			path = Views;
			sourceTree = "<group>";
		};
		37DCF95B290F4AE4004B1FFF /* Model */ = {
			isa = PBXGroup;
			children = (
				3725E8CD2908A5DB00DD1C91 /* Persistence.swift */,
				37DCF95C290F4B38004B1FFF /* TaskItemExtension.swift */,
			);
			path = Model;
			sourceTree = "<group>";
		};
/* End PBXGroup section */

/* Begin PBXNativeTarget section */
		3725E8C02908A5D900DD1C91 /* Bucket List ao3px */ = {
			isa = PBXNativeTarget;
			buildConfigurationList = 3725E8EA2908A5DB00DD1C91 /* Build configuration list for PBXNativeTarget "Bucket List ao3px" */;
			buildPhases = (
				3725E8BD2908A5D900DD1C91 /* Sources */,
				3725E8BE2908A5D900DD1C91 /* Frameworks */,
				3725E8BF2908A5D900DD1C91 /* Resources */,
			);
			buildRules = (
			);
			dependencies = (
			);
			name = "Bucket List ao3px";
			productName = "Bucket List ao3px";
			productReference = 3725E8C12908A5D900DD1C91 /* Bucket List ao3px.app */;
			productType = "com.apple.product-type.application";
		};
		3725E8D52908A5DB00DD1C91 /* Bucket List ao3pxTests */ = {
			isa = PBXNativeTarget;
			buildConfigurationList = 3725E8ED2908A5DB00DD1C91 /* Build configuration list for PBXNativeTarget "Bucket List ao3pxTests" */;
			buildPhases = (
				3725E8D22908A5DB00DD1C91 /* Sources */,
				3725E8D32908A5DB00DD1C91 /* Frameworks */,
				3725E8D42908A5DB00DD1C91 /* Resources */,
			);
			buildRules = (
			);
			dependencies = (
				3725E8D82908A5DB00DD1C91 /* PBXTargetDependency */,
			);
			name = "Bucket List ao3pxTests";
			productName = "Bucket List ao3pxTests";
			productReference = 3725E8D62908A5DB00DD1C91 /* Bucket List ao3pxTests.xctest */;
			productType = "com.apple.product-type.bundle.unit-test";
		};
		3725E8DF2908A5DB00DD1C91 /* Bucket List ao3pxUITests */ = {
			isa = PBXNativeTarget;
			buildConfigurationList = 3725E8F02908A5DB00DD1C91 /* Build configuration list for PBXNativeTarget "Bucket List ao3pxUITests" */;
			buildPhases = (
				3725E8DC2908A5DB00DD1C91 /* Sources */,
				3725E8DD2908A5DB00DD1C91 /* Frameworks */,
				3725E8DE2908A5DB00DD1C91 /* Resources */,
			);
			buildRules = (
			);
			dependencies = (
				3725E8E22908A5DB00DD1C91 /* PBXTargetDependency */,
			);
			name = "Bucket List ao3pxUITests";
			productName = "Bucket List ao3pxUITests";
			productReference = 3725E8E02908A5DB00DD1C91 /* Bucket List ao3pxUITests.xctest */;
			productType = "com.apple.product-type.bundle.ui-testing";
		};
/* End PBXNativeTarget section */

/* Begin PBXProject section */
		3725E8B92908A5D900DD1C91 /* Project object */ = {
			isa = PBXProject;
			attributes = {
				BuildIndependentTargetsInParallel = 1;
				LastSwiftUpdateCheck = 1400;
				LastUpgradeCheck = 1400;
				TargetAttributes = {
					3725E8C02908A5D900DD1C91 = {
						CreatedOnToolsVersion = 14.0.1;
					};
					3725E8D52908A5DB00DD1C91 = {
						CreatedOnToolsVersion = 14.0.1;
						TestTargetID = 3725E8C02908A5D900DD1C91;
					};
					3725E8DF2908A5DB00DD1C91 = {
						CreatedOnToolsVersion = 14.0.1;
						TestTargetID = 3725E8C02908A5D900DD1C91;
					};
				};
			};
			buildConfigurationList = 3725E8BC2908A5D900DD1C91 /* Build configuration list for PBXProject "Bucket List ao3px" */;
			compatibilityVersion = "Xcode 14.0";
			developmentRegion = en;
			hasScannedForEncodings = 0;
			knownRegions = (
				en,
				Base,
			);
			mainGroup = 3725E8B82908A5D900DD1C91;
			productRefGroup = 3725E8C22908A5D900DD1C91 /* Products */;
			projectDirPath = "";
			projectRoot = "";
			targets = (
				3725E8C02908A5D900DD1C91 /* Bucket List ao3px */,
				3725E8D52908A5DB00DD1C91 /* Bucket List ao3pxTests */,
				3725E8DF2908A5DB00DD1C91 /* Bucket List ao3pxUITests */,
			);
		};
/* End PBXProject section */

/* Begin PBXResourcesBuildPhase section */
		3725E8BF2908A5D900DD1C91 /* Resources */ = {
			isa = PBXResourcesBuildPhase;
			buildActionMask = 2147483647;
			files = (
				3725E8CC2908A5DB00DD1C91 /* Preview Assets.xcassets in Resources */,
				3725E8C92908A5DB00DD1C91 /* Assets.xcassets in Resources */,
			);
			runOnlyForDeploymentPostprocessing = 0;
		};
		3725E8D42908A5DB00DD1C91 /* Resources */ = {
			isa = PBXResourcesBuildPhase;
			buildActionMask = 2147483647;
			files = (
			);
			runOnlyForDeploymentPostprocessing = 0;
		};
		3725E8DE2908A5DB00DD1C91 /* Resources */ = {
			isa = PBXResourcesBuildPhase;
			buildActionMask = 2147483647;
			files = (
			);
			runOnlyForDeploymentPostprocessing = 0;
		};
/* End PBXResourcesBuildPhase section */

/* Begin PBXSourcesBuildPhase section */
		3725E8BD2908A5D900DD1C91 /* Sources */ = {
			isa = PBXSourcesBuildPhase;
			buildActionMask = 2147483647;
			files = (
				37DCF958290F47F5004B1FFF /* Checkbox.swift in Sources */,
				37DCF95D290F4B38004B1FFF /* TaskItemExtension.swift in Sources */,
				376DFF0F29098E310056614D /* DateHolder.swift in Sources */,
				3725E8CE2908A5DB00DD1C91 /* Persistence.swift in Sources */,
				3725E8D12908A5DB00DD1C91 /* Bucket_List_ao3px.xcdatamodeld in Sources */,
				3725E8FE2908ACDF00DD1C91 /* FloatingButton.swift in Sources */,
				37DCF954290F3EBD004B1FFF /* DisplayItem.swift in Sources */,
				3725E9032908AD3700DD1C91 /* AddItem.swift in Sources */,
				3725E8C72908A5D900DD1C91 /* BucketList.swift in Sources */,
				3725E8C52908A5D900DD1C91 /* Bucket_List_ao3pxApp.swift in Sources */,
			);
			runOnlyForDeploymentPostprocessing = 0;
		};
		3725E8D22908A5DB00DD1C91 /* Sources */ = {
			isa = PBXSourcesBuildPhase;
			buildActionMask = 2147483647;
			files = (
				3725E8DB2908A5DB00DD1C91 /* Bucket_List_ao3pxTests.swift in Sources */,
				37DCF95E290F4B38004B1FFF /* TaskItemExtension.swift in Sources */,
				3725E9042908AD3700DD1C91 /* AddItem.swift in Sources */,
				376DFF1029098E310056614D /* DateHolder.swift in Sources */,
				3725E8F32908AA3900DD1C91 /* BucketList.swift in Sources */,
				37DCF959290F47F5004B1FFF /* Checkbox.swift in Sources */,
				37DCF955290F3EBD004B1FFF /* DisplayItem.swift in Sources */,
				3725E8FF2908ACDF00DD1C91 /* FloatingButton.swift in Sources */,
			);
			runOnlyForDeploymentPostprocessing = 0;
		};
		3725E8DC2908A5DB00DD1C91 /* Sources */ = {
			isa = PBXSourcesBuildPhase;
			buildActionMask = 2147483647;
			files = (
				37DCF95F290F4B38004B1FFF /* TaskItemExtension.swift in Sources */,
				3725E8E72908A5DB00DD1C91 /* Bucket_List_ao3pxUITestsLaunchTests.swift in Sources */,
				37DCF956290F3EBD004B1FFF /* DisplayItem.swift in Sources */,
				376DFF1129098E310056614D /* DateHolder.swift in Sources */,
				3725E8E52908A5DB00DD1C91 /* Bucket_List_ao3pxUITests.swift in Sources */,
				3725E8F42908AA3900DD1C91 /* BucketList.swift in Sources */,
				3725E9002908ACDF00DD1C91 /* FloatingButton.swift in Sources */,
				3725E9052908AD3700DD1C91 /* AddItem.swift in Sources */,
				37DCF95A290F47F5004B1FFF /* Checkbox.swift in Sources */,
			);
			runOnlyForDeploymentPostprocessing = 0;
		};
/* End PBXSourcesBuildPhase section */

/* Begin PBXTargetDependency section */
		3725E8D82908A5DB00DD1C91 /* PBXTargetDependency */ = {
			isa = PBXTargetDependency;
			target = 3725E8C02908A5D900DD1C91 /* Bucket List ao3px */;
			targetProxy = 3725E8D72908A5DB00DD1C91 /* PBXContainerItemProxy */;
		};
		3725E8E22908A5DB00DD1C91 /* PBXTargetDependency */ = {
			isa = PBXTargetDependency;
			target = 3725E8C02908A5D900DD1C91 /* Bucket List ao3px */;
			targetProxy = 3725E8E12908A5DB00DD1C91 /* PBXContainerItemProxy */;
		};
/* End PBXTargetDependency section */

/* Begin XCBuildConfiguration section */
		3725E8E82908A5DB00DD1C91 /* Debug */ = {
			isa = XCBuildConfiguration;
			buildSettings = {
				ALWAYS_SEARCH_USER_PATHS = NO;
				CLANG_ANALYZER_NONNULL = YES;
				CLANG_ANALYZER_NUMBER_OBJECT_CONVERSION = YES_AGGRESSIVE;
				CLANG_CXX_LANGUAGE_STANDARD = "gnu++20";
				CLANG_ENABLE_MODULES = YES;
				CLANG_ENABLE_OBJC_ARC = YES;
				CLANG_ENABLE_OBJC_WEAK = YES;
				CLANG_WARN_BLOCK_CAPTURE_AUTORELEASING = YES;
				CLANG_WARN_BOOL_CONVERSION = YES;
				CLANG_WARN_COMMA = YES;
				CLANG_WARN_CONSTANT_CONVERSION = YES;
				CLANG_WARN_DEPRECATED_OBJC_IMPLEMENTATIONS = YES;
				CLANG_WARN_DIRECT_OBJC_ISA_USAGE = YES_ERROR;
				CLANG_WARN_DOCUMENTATION_COMMENTS = YES;
				CLANG_WARN_EMPTY_BODY = YES;
				CLANG_WARN_ENUM_CONVERSION = YES;
				CLANG_WARN_INFINITE_RECURSION = YES;
				CLANG_WARN_INT_CONVERSION = YES;
				CLANG_WARN_NON_LITERAL_NULL_CONVERSION = YES;
				CLANG_WARN_OBJC_IMPLICIT_RETAIN_SELF = YES;
				CLANG_WARN_OBJC_LITERAL_CONVERSION = YES;
				CLANG_WARN_OBJC_ROOT_CLASS = YES_ERROR;
				CLANG_WARN_QUOTED_INCLUDE_IN_FRAMEWORK_HEADER = YES;
				CLANG_WARN_RANGE_LOOP_ANALYSIS = YES;
				CLANG_WARN_STRICT_PROTOTYPES = YES;
				CLANG_WARN_SUSPICIOUS_MOVE = YES;
				CLANG_WARN_UNGUARDED_AVAILABILITY = YES_AGGRESSIVE;
				CLANG_WARN_UNREACHABLE_CODE = YES;
				CLANG_WARN__DUPLICATE_METHOD_MATCH = YES;
				COPY_PHASE_STRIP = NO;
				DEBUG_INFORMATION_FORMAT = dwarf;
				ENABLE_STRICT_OBJC_MSGSEND = YES;
				ENABLE_TESTABILITY = YES;
				GCC_C_LANGUAGE_STANDARD = gnu11;
				GCC_DYNAMIC_NO_PIC = NO;
				GCC_NO_COMMON_BLOCKS = YES;
				GCC_OPTIMIZATION_LEVEL = 0;
				GCC_PREPROCESSOR_DEFINITIONS = (
					"DEBUG=1",
					"$(inherited)",
				);
				GCC_WARN_64_TO_32_BIT_CONVERSION = YES;
				GCC_WARN_ABOUT_RETURN_TYPE = YES_ERROR;
				GCC_WARN_UNDECLARED_SELECTOR = YES;
				GCC_WARN_UNINITIALIZED_AUTOS = YES_AGGRESSIVE;
				GCC_WARN_UNUSED_FUNCTION = YES;
				GCC_WARN_UNUSED_VARIABLE = YES;
				IPHONEOS_DEPLOYMENT_TARGET = 16.0;
				MTL_ENABLE_DEBUG_INFO = INCLUDE_SOURCE;
				MTL_FAST_MATH = YES;
				ONLY_ACTIVE_ARCH = YES;
				SDKROOT = iphoneos;
				SWIFT_ACTIVE_COMPILATION_CONDITIONS = DEBUG;
				SWIFT_OPTIMIZATION_LEVEL = "-Onone";
			};
			name = Debug;
		};
		3725E8E92908A5DB00DD1C91 /* Release */ = {
			isa = XCBuildConfiguration;
			buildSettings = {
				ALWAYS_SEARCH_USER_PATHS = NO;
				CLANG_ANALYZER_NONNULL = YES;
				CLANG_ANALYZER_NUMBER_OBJECT_CONVERSION = YES_AGGRESSIVE;
				CLANG_CXX_LANGUAGE_STANDARD = "gnu++20";
				CLANG_ENABLE_MODULES = YES;
				CLANG_ENABLE_OBJC_ARC = YES;
				CLANG_ENABLE_OBJC_WEAK = YES;
				CLANG_WARN_BLOCK_CAPTURE_AUTORELEASING = YES;
				CLANG_WARN_BOOL_CONVERSION = YES;
				CLANG_WARN_COMMA = YES;
				CLANG_WARN_CONSTANT_CONVERSION = YES;
				CLANG_WARN_DEPRECATED_OBJC_IMPLEMENTATIONS = YES;
				CLANG_WARN_DIRECT_OBJC_ISA_USAGE = YES_ERROR;
				CLANG_WARN_DOCUMENTATION_COMMENTS = YES;
				CLANG_WARN_EMPTY_BODY = YES;
				CLANG_WARN_ENUM_CONVERSION = YES;
				CLANG_WARN_INFINITE_RECURSION = YES;
				CLANG_WARN_INT_CONVERSION = YES;
				CLANG_WARN_NON_LITERAL_NULL_CONVERSION = YES;
				CLANG_WARN_OBJC_IMPLICIT_RETAIN_SELF = YES;
				CLANG_WARN_OBJC_LITERAL_CONVERSION = YES;
				CLANG_WARN_OBJC_ROOT_CLASS = YES_ERROR;
				CLANG_WARN_QUOTED_INCLUDE_IN_FRAMEWORK_HEADER = YES;
				CLANG_WARN_RANGE_LOOP_ANALYSIS = YES;
				CLANG_WARN_STRICT_PROTOTYPES = YES;
				CLANG_WARN_SUSPICIOUS_MOVE = YES;
				CLANG_WARN_UNGUARDED_AVAILABILITY = YES_AGGRESSIVE;
				CLANG_WARN_UNREACHABLE_CODE = YES;
				CLANG_WARN__DUPLICATE_METHOD_MATCH = YES;
				COPY_PHASE_STRIP = NO;
				DEBUG_INFORMATION_FORMAT = "dwarf-with-dsym";
				ENABLE_NS_ASSERTIONS = NO;
				ENABLE_STRICT_OBJC_MSGSEND = YES;
				GCC_C_LANGUAGE_STANDARD = gnu11;
				GCC_NO_COMMON_BLOCKS = YES;
				GCC_WARN_64_TO_32_BIT_CONVERSION = YES;
				GCC_WARN_ABOUT_RETURN_TYPE = YES_ERROR;
				GCC_WARN_UNDECLARED_SELECTOR = YES;
				GCC_WARN_UNINITIALIZED_AUTOS = YES_AGGRESSIVE;
				GCC_WARN_UNUSED_FUNCTION = YES;
				GCC_WARN_UNUSED_VARIABLE = YES;
				IPHONEOS_DEPLOYMENT_TARGET = 16.0;
				MTL_ENABLE_DEBUG_INFO = NO;
				MTL_FAST_MATH = YES;
				SDKROOT = iphoneos;
				SWIFT_COMPILATION_MODE = wholemodule;
				SWIFT_OPTIMIZATION_LEVEL = "-O";
				VALIDATE_PRODUCT = YES;
			};
			name = Release;
		};
		3725E8EB2908A5DB00DD1C91 /* Debug */ = {
			isa = XCBuildConfiguration;
			buildSettings = {
				ASSETCATALOG_COMPILER_APPICON_NAME = AppIcon;
				ASSETCATALOG_COMPILER_GLOBAL_ACCENT_COLOR_NAME = AccentColor;
				CODE_SIGN_STYLE = Automatic;
				CURRENT_PROJECT_VERSION = 1;
				DEVELOPMENT_ASSET_PATHS = "\"Bucket List ao3px/Preview Content\"";
				ENABLE_PREVIEWS = YES;
				GENERATE_INFOPLIST_FILE = YES;
				INFOPLIST_KEY_UIApplicationSceneManifest_Generation = YES;
				INFOPLIST_KEY_UIApplicationSupportsIndirectInputEvents = YES;
				INFOPLIST_KEY_UILaunchScreen_Generation = YES;
				INFOPLIST_KEY_UISupportedInterfaceOrientations_iPad = "UIInterfaceOrientationPortrait UIInterfaceOrientationPortraitUpsideDown UIInterfaceOrientationLandscapeLeft UIInterfaceOrientationLandscapeRight";
				INFOPLIST_KEY_UISupportedInterfaceOrientations_iPhone = "UIInterfaceOrientationPortrait UIInterfaceOrientationLandscapeLeft UIInterfaceOrientationLandscapeRight";
				LD_RUNPATH_SEARCH_PATHS = (
					"$(inherited)",
					"@executable_path/Frameworks",
				);
				MARKETING_VERSION = 1.0;
				PRODUCT_BUNDLE_IDENTIFIER = "cs4720.Bucket-List-ao3px";
				PRODUCT_NAME = "$(TARGET_NAME)";
				SWIFT_EMIT_LOC_STRINGS = YES;
				SWIFT_VERSION = 5.0;
				TARGETED_DEVICE_FAMILY = "1,2";
			};
			name = Debug;
		};
		3725E8EC2908A5DB00DD1C91 /* Release */ = {
			isa = XCBuildConfiguration;
			buildSettings = {
				ASSETCATALOG_COMPILER_APPICON_NAME = AppIcon;
				ASSETCATALOG_COMPILER_GLOBAL_ACCENT_COLOR_NAME = AccentColor;
				CODE_SIGN_STYLE = Automatic;
				CURRENT_PROJECT_VERSION = 1;
				DEVELOPMENT_ASSET_PATHS = "\"Bucket List ao3px/Preview Content\"";
				ENABLE_PREVIEWS = YES;
				GENERATE_INFOPLIST_FILE = YES;
				INFOPLIST_KEY_UIApplicationSceneManifest_Generation = YES;
				INFOPLIST_KEY_UIApplicationSupportsIndirectInputEvents = YES;
				INFOPLIST_KEY_UILaunchScreen_Generation = YES;
				INFOPLIST_KEY_UISupportedInterfaceOrientations_iPad = "UIInterfaceOrientationPortrait UIInterfaceOrientationPortraitUpsideDown UIInterfaceOrientationLandscapeLeft UIInterfaceOrientationLandscapeRight";
				INFOPLIST_KEY_UISupportedInterfaceOrientations_iPhone = "UIInterfaceOrientationPortrait UIInterfaceOrientationLandscapeLeft UIInterfaceOrientationLandscapeRight";
				LD_RUNPATH_SEARCH_PATHS = (
					"$(inherited)",
					"@executable_path/Frameworks",
				);
				MARKETING_VERSION = 1.0;
				PRODUCT_BUNDLE_IDENTIFIER = "cs4720.Bucket-List-ao3px";
				PRODUCT_NAME = "$(TARGET_NAME)";
				SWIFT_EMIT_LOC_STRINGS = YES;
				SWIFT_VERSION = 5.0;
				TARGETED_DEVICE_FAMILY = "1,2";
			};
			name = Release;
		};
		3725E8EE2908A5DB00DD1C91 /* Debug */ = {
			isa = XCBuildConfiguration;
			buildSettings = {
				ALWAYS_EMBED_SWIFT_STANDARD_LIBRARIES = YES;
				BUNDLE_LOADER = "$(TEST_HOST)";
				CODE_SIGN_STYLE = Automatic;
				CURRENT_PROJECT_VERSION = 1;
				GENERATE_INFOPLIST_FILE = YES;
				IPHONEOS_DEPLOYMENT_TARGET = 16.0;
				MARKETING_VERSION = 1.0;
				PRODUCT_BUNDLE_IDENTIFIER = "cs4720.Bucket-List-ao3pxTests";
				PRODUCT_NAME = "$(TARGET_NAME)";
				SWIFT_EMIT_LOC_STRINGS = NO;
				SWIFT_VERSION = 5.0;
				TARGETED_DEVICE_FAMILY = "1,2";
				TEST_HOST = "$(BUILT_PRODUCTS_DIR)/Bucket List ao3px.app/$(BUNDLE_EXECUTABLE_FOLDER_PATH)/Bucket List ao3px";
			};
			name = Debug;
		};
		3725E8EF2908A5DB00DD1C91 /* Release */ = {
			isa = XCBuildConfiguration;
			buildSettings = {
				ALWAYS_EMBED_SWIFT_STANDARD_LIBRARIES = YES;
				BUNDLE_LOADER = "$(TEST_HOST)";
				CODE_SIGN_STYLE = Automatic;
				CURRENT_PROJECT_VERSION = 1;
				GENERATE_INFOPLIST_FILE = YES;
				IPHONEOS_DEPLOYMENT_TARGET = 16.0;
				MARKETING_VERSION = 1.0;
				PRODUCT_BUNDLE_IDENTIFIER = "cs4720.Bucket-List-ao3pxTests";
				PRODUCT_NAME = "$(TARGET_NAME)";
				SWIFT_EMIT_LOC_STRINGS = NO;
				SWIFT_VERSION = 5.0;
				TARGETED_DEVICE_FAMILY = "1,2";
				TEST_HOST = "$(BUILT_PRODUCTS_DIR)/Bucket List ao3px.app/$(BUNDLE_EXECUTABLE_FOLDER_PATH)/Bucket List ao3px";
			};
			name = Release;
		};
		3725E8F12908A5DB00DD1C91 /* Debug */ = {
			isa = XCBuildConfiguration;
			buildSettings = {
				ALWAYS_EMBED_SWIFT_STANDARD_LIBRARIES = YES;
				CODE_SIGN_STYLE = Automatic;
				CURRENT_PROJECT_VERSION = 1;
				GENERATE_INFOPLIST_FILE = YES;
				MARKETING_VERSION = 1.0;
				PRODUCT_BUNDLE_IDENTIFIER = "cs4720.Bucket-List-ao3pxUITests";
				PRODUCT_NAME = "$(TARGET_NAME)";
				SWIFT_EMIT_LOC_STRINGS = NO;
				SWIFT_VERSION = 5.0;
				TARGETED_DEVICE_FAMILY = "1,2";
				TEST_TARGET_NAME = "Bucket List ao3px";
			};
			name = Debug;
		};
		3725E8F22908A5DB00DD1C91 /* Release */ = {
			isa = XCBuildConfiguration;
			buildSettings = {
				ALWAYS_EMBED_SWIFT_STANDARD_LIBRARIES = YES;
				CODE_SIGN_STYLE = Automatic;
				CURRENT_PROJECT_VERSION = 1;
				GENERATE_INFOPLIST_FILE = YES;
				MARKETING_VERSION = 1.0;
				PRODUCT_BUNDLE_IDENTIFIER = "cs4720.Bucket-List-ao3pxUITests";
				PRODUCT_NAME = "$(TARGET_NAME)";
				SWIFT_EMIT_LOC_STRINGS = NO;
				SWIFT_VERSION = 5.0;
				TARGETED_DEVICE_FAMILY = "1,2";
				TEST_TARGET_NAME = "Bucket List ao3px";
			};
			name = Release;
		};
/* End XCBuildConfiguration section */

/* Begin XCConfigurationList section */
		3725E8BC2908A5D900DD1C91 /* Build configuration list for PBXProject "Bucket List ao3px" */ = {
			isa = XCConfigurationList;
			buildConfigurations = (
				3725E8E82908A5DB00DD1C91 /* Debug */,
				3725E8E92908A5DB00DD1C91 /* Release */,
			);
			defaultConfigurationIsVisible = 0;
			defaultConfigurationName = Release;
		};
		3725E8EA2908A5DB00DD1C91 /* Build configuration list for PBXNativeTarget "Bucket List ao3px" */ = {
			isa = XCConfigurationList;
			buildConfigurations = (
				3725E8EB2908A5DB00DD1C91 /* Debug */,
				3725E8EC2908A5DB00DD1C91 /* Release */,
			);
			defaultConfigurationIsVisible = 0;
			defaultConfigurationName = Release;
		};
		3725E8ED2908A5DB00DD1C91 /* Build configuration list for PBXNativeTarget "Bucket List ao3pxTests" */ = {
			isa = XCConfigurationList;
			buildConfigurations = (
				3725E8EE2908A5DB00DD1C91 /* Debug */,
				3725E8EF2908A5DB00DD1C91 /* Release */,
			);
			defaultConfigurationIsVisible = 0;
			defaultConfigurationName = Release;
		};
		3725E8F02908A5DB00DD1C91 /* Build configuration list for PBXNativeTarget "Bucket List ao3pxUITests" */ = {
			isa = XCConfigurationList;
			buildConfigurations = (
				3725E8F12908A5DB00DD1C91 /* Debug */,
				3725E8F22908A5DB00DD1C91 /* Release */,
			);
			defaultConfigurationIsVisible = 0;
			defaultConfigurationName = Release;
		};
/* End XCConfigurationList section */

/* Begin XCVersionGroup section */
		3725E8CF2908A5DB00DD1C91 /* Bucket_List_ao3px.xcdatamodeld */ = {
			isa = XCVersionGroup;
			children = (
				3725E8D02908A5DB00DD1C91 /* Bucket_List_ao3px.xcdatamodel */,
			);
			currentVersion = 3725E8D02908A5DB00DD1C91 /* Bucket_List_ao3px.xcdatamodel */;
			path = Bucket_List_ao3px.xcdatamodeld;
			sourceTree = "<group>";
			versionGroupType = wrapper.xcdatamodel;
		};
/* End XCVersionGroup section */
	};
	rootObject = 3725E8B92908A5D900DD1C91 /* Project object */;
}
